PODS:
  - OpenSslKit.swift (1.0)
  - Secp256k1Kit.swift (1.0)

DEPENDENCIES:
  - OpenSslKit.swift (~> 1.0)
  - Secp256k1Kit.swift (~> 1.0)

SPEC REPOS:
  trunk:
    - OpenSslKit.swift
    - Secp256k1Kit.swift

SPEC CHECKSUMS:
  OpenSslKit.swift: 6e699e0d69fae6b306eaca0b8971c59bc45546ab
  Secp256k1Kit.swift: 93b1bfbb8909c12605666cc3b1e59d1d1fde7322

PODFILE CHECKSUM: bb3eec5cf3a7ffc9e438a58424f9ab333258f99f

COCOAPODS: 1.8.4
