PODS:
  - HSCryptoKit (0.1.0)

DEPENDENCIES:
  - HSCryptoKit (from `https://github.com/horizontalsystems/crypto-kit-ios`)

EXTERNAL SOURCES:
  HSCryptoKit:
    :git: https://github.com/horizontalsystems/crypto-kit-ios

CHECKOUT OPTIONS:
  HSCryptoKit:
    :commit: 194cdd408f6a1ce14fe12970298600bcbc0074f7
    :git: https://github.com/horizontalsystems/crypto-kit-ios

SPEC CHECKSUMS:
  HSCryptoKit: 87ee986be4d760cfa711376b1a715c608a5fd237

PODFILE CHECKSUM: 61b8ccb3eb70894e36fc99804d8acf26e037abc2

COCOAPODS: 1.6.0.beta.1
